
Microsoft Visual Studio Solution File, Format Version 12.00
# Visual Studio Version 17
VisualStudioVersion = 17.3.32922.545
MinimumVisualStudioVersion = 10.0.40219.1
Project("{2150E333-8FDC-42A3-9474-1A3956D46DE8}") = "src", "src", "{82BD4759-500C-477A-A21E-2FBA5FCC5BAD}"
EndProject
Project("{8BC9CEB8-8B4A-11D0-8D11-00A0C91BC942}") = "wfetch", "wfetch\wfetch.vcxproj", "{55A6BF38-84DD-47BE-9766-310AD5E2B05D}"
EndProject
Project("{C7167F0D-BC9F-4E6E-AFE1-012C56B48DB5}") = "wfetch-package", "wfetch-package\wfetch-package.wapproj", "{CA9EF0E4-8689-4B78-81FB-D75202F58637}"
EndProject
Project("{8BC9CEB8-8B4A-11D0-8D11-00A0C91BC942}") = "wftech-core", "wftech-core\wftech-core.vcxproj", "{F183675B-ED8F-4ECD-AF9A-0FC8717B2DF0}"
EndProject
Global
	GlobalSection(SolutionConfigurationPlatforms) = preSolution
		Debug|Any CPU = Debug|Any CPU
		Debug|ARM = Debug|ARM
		Debug|ARM64 = Debug|ARM64
		Debug|x64 = Debug|x64
		Debug|x86 = Debug|x86
		Release|Any CPU = Release|Any CPU
		Release|ARM = Release|ARM
		Release|ARM64 = Release|ARM64
		Release|x64 = Release|x64
		Release|x86 = Release|x86
	EndGlobalSection
	GlobalSection(ProjectConfigurationPlatforms) = postSolution
		{55A6BF38-84DD-47BE-9766-310AD5E2B05D}.Debug|Any CPU.ActiveCfg = Debug|x64
		{55A6BF38-84DD-47BE-9766-310AD5E2B05D}.Debug|Any CPU.Build.0 = Debug|x64
		{55A6BF38-84DD-47BE-9766-310AD5E2B05D}.Debug|ARM.ActiveCfg = Debug|ARM
		{55A6BF38-84DD-47BE-9766-310AD5E2B05D}.Debug|ARM.Build.0 = Debug|ARM
		{55A6BF38-84DD-47BE-9766-310AD5E2B05D}.Debug|ARM64.ActiveCfg = Debug|ARM64
		{55A6BF38-84DD-47BE-9766-310AD5E2B05D}.Debug|ARM64.Build.0 = Debug|ARM64
		{55A6BF38-84DD-47BE-9766-310AD5E2B05D}.Debug|x64.ActiveCfg = Debug|x64
		{55A6BF38-84DD-47BE-9766-310AD5E2B05D}.Debug|x64.Build.0 = Debug|x64
		{55A6BF38-84DD-47BE-9766-310AD5E2B05D}.Debug|x86.ActiveCfg = Debug|Win32
		{55A6BF38-84DD-47BE-9766-310AD5E2B05D}.Debug|x86.Build.0 = Debug|Win32
		{55A6BF38-84DD-47BE-9766-310AD5E2B05D}.Release|Any CPU.ActiveCfg = Release|x64
		{55A6BF38-84DD-47BE-9766-310AD5E2B05D}.Release|Any CPU.Build.0 = Release|x64
		{55A6BF38-84DD-47BE-9766-310AD5E2B05D}.Release|ARM.ActiveCfg = Release|ARM
		{55A6BF38-84DD-47BE-9766-310AD5E2B05D}.Release|ARM.Build.0 = Release|ARM
		{55A6BF38-84DD-47BE-9766-310AD5E2B05D}.Release|ARM64.ActiveCfg = Release|ARM64
		{55A6BF38-84DD-47BE-9766-310AD5E2B05D}.Release|ARM64.Build.0 = Release|ARM64
		{55A6BF38-84DD-47BE-9766-310AD5E2B05D}.Release|x64.ActiveCfg = Release|x64
		{55A6BF38-84DD-47BE-9766-310AD5E2B05D}.Release|x64.Build.0 = Release|x64
		{55A6BF38-84DD-47BE-9766-310AD5E2B05D}.Release|x86.ActiveCfg = Release|Win32
		{55A6BF38-84DD-47BE-9766-310AD5E2B05D}.Release|x86.Build.0 = Release|Win32
		{CA9EF0E4-8689-4B78-81FB-D75202F58637}.Debug|Any CPU.ActiveCfg = Debug|Any CPU
		{CA9EF0E4-8689-4B78-81FB-D75202F58637}.Debug|Any CPU.Build.0 = Debug|Any CPU
		{CA9EF0E4-8689-4B78-81FB-D75202F58637}.Debug|Any CPU.Deploy.0 = Debug|Any CPU
		{CA9EF0E4-8689-4B78-81FB-D75202F58637}.Debug|ARM.ActiveCfg = Debug|ARM
		{CA9EF0E4-8689-4B78-81FB-D75202F58637}.Debug|ARM.Build.0 = Debug|ARM
		{CA9EF0E4-8689-4B78-81FB-D75202F58637}.Debug|ARM.Deploy.0 = Debug|ARM
		{CA9EF0E4-8689-4B78-81FB-D75202F58637}.Debug|ARM64.ActiveCfg = Debug|ARM64
		{CA9EF0E4-8689-4B78-81FB-D75202F58637}.Debug|ARM64.Build.0 = Debug|ARM64
		{CA9EF0E4-8689-4B78-81FB-D75202F58637}.Debug|ARM64.Deploy.0 = Debug|ARM64
		{CA9EF0E4-8689-4B78-81FB-D75202F58637}.Debug|x64.ActiveCfg = Debug|x64
		{CA9EF0E4-8689-4B78-81FB-D75202F58637}.Debug|x64.Build.0 = Debug|x64
		{CA9EF0E4-8689-4B78-81FB-D75202F58637}.Debug|x64.Deploy.0 = Debug|x64
		{CA9EF0E4-8689-4B78-81FB-D75202F58637}.Debug|x86.ActiveCfg = Debug|x86
		{CA9EF0E4-8689-4B78-81FB-D75202F58637}.Debug|x86.Build.0 = Debug|x86
		{CA9EF0E4-8689-4B78-81FB-D75202F58637}.Debug|x86.Deploy.0 = Debug|x86
		{CA9EF0E4-8689-4B78-81FB-D75202F58637}.Release|Any CPU.ActiveCfg = Release|Any CPU
		{CA9EF0E4-8689-4B78-81FB-D75202F58637}.Release|Any CPU.Build.0 = Release|Any CPU
		{CA9EF0E4-8689-4B78-81FB-D75202F58637}.Release|Any CPU.Deploy.0 = Release|Any CPU
		{CA9EF0E4-8689-4B78-81FB-D75202F58637}.Release|ARM.ActiveCfg = Release|ARM
		{CA9EF0E4-8689-4B78-81FB-D75202F58637}.Release|ARM.Build.0 = Release|ARM
		{CA9EF0E4-8689-4B78-81FB-D75202F58637}.Release|ARM.Deploy.0 = Release|ARM
		{CA9EF0E4-8689-4B78-81FB-D75202F58637}.Release|ARM64.ActiveCfg = Release|ARM64
		{CA9EF0E4-8689-4B78-81FB-D75202F58637}.Release|ARM64.Build.0 = Release|ARM64
		{CA9EF0E4-8689-4B78-81FB-D75202F58637}.Release|ARM64.Deploy.0 = Release|ARM64
		{CA9EF0E4-8689-4B78-81FB-D75202F58637}.Release|x64.ActiveCfg = Release|x64
		{CA9EF0E4-8689-4B78-81FB-D75202F58637}.Release|x64.Build.0 = Release|x64
		{CA9EF0E4-8689-4B78-81FB-D75202F58637}.Release|x64.Deploy.0 = Release|x64
		{CA9EF0E4-8689-4B78-81FB-D75202F58637}.Release|x86.ActiveCfg = Release|x86
		{CA9EF0E4-8689-4B78-81FB-D75202F58637}.Release|x86.Build.0 = Release|x86
		{CA9EF0E4-8689-4B78-81FB-D75202F58637}.Release|x86.Deploy.0 = Release|x86
		{F183675B-ED8F-4ECD-AF9A-0FC8717B2DF0}.Debug|Any CPU.ActiveCfg = Debug|x64
		{F183675B-ED8F-4ECD-AF9A-0FC8717B2DF0}.Debug|Any CPU.Build.0 = Debug|x64
		{F183675B-ED8F-4ECD-AF9A-0FC8717B2DF0}.Debug|ARM.ActiveCfg = Debug|ARM
		{F183675B-ED8F-4ECD-AF9A-0FC8717B2DF0}.Debug|ARM.Build.0 = Debug|ARM
		{F183675B-ED8F-4ECD-AF9A-0FC8717B2DF0}.Debug|ARM64.ActiveCfg = Debug|ARM64
		{F183675B-ED8F-4ECD-AF9A-0FC8717B2DF0}.Debug|ARM64.Build.0 = Debug|ARM64
		{F183675B-ED8F-4ECD-AF9A-0FC8717B2DF0}.Debug|x64.ActiveCfg = Debug|x64
		{F183675B-ED8F-4ECD-AF9A-0FC8717B2DF0}.Debug|x64.Build.0 = Debug|x64
		{F183675B-ED8F-4ECD-AF9A-0FC8717B2DF0}.Debug|x86.ActiveCfg = Debug|Win32
		{F183675B-ED8F-4ECD-AF9A-0FC8717B2DF0}.Debug|x86.Build.0 = Debug|Win32
		{F183675B-ED8F-4ECD-AF9A-0FC8717B2DF0}.Release|Any CPU.ActiveCfg = Release|x64
		{F183675B-ED8F-4ECD-AF9A-0FC8717B2DF0}.Release|Any CPU.Build.0 = Release|x64
		{F183675B-ED8F-4ECD-AF9A-0FC8717B2DF0}.Release|ARM.ActiveCfg = Release|ARM
		{F183675B-ED8F-4ECD-AF9A-0FC8717B2DF0}.Release|ARM.Build.0 = Release|ARM
		{F183675B-ED8F-4ECD-AF9A-0FC8717B2DF0}.Release|ARM64.ActiveCfg = Release|ARM64
		{F183675B-ED8F-4ECD-AF9A-0FC8717B2DF0}.Release|ARM64.Build.0 = Release|ARM64
		{F183675B-ED8F-4ECD-AF9A-0FC8717B2DF0}.Release|x64.ActiveCfg = Release|x64
		{F183675B-ED8F-4ECD-AF9A-0FC8717B2DF0}.Release|x64.Build.0 = Release|x64
		{F183675B-ED8F-4ECD-AF9A-0FC8717B2DF0}.Release|x86.ActiveCfg = Release|Win32
		{F183675B-ED8F-4ECD-AF9A-0FC8717B2DF0}.Release|x86.Build.0 = Release|Win32
	EndGlobalSection
	GlobalSection(SolutionProperties) = preSolution
		HideSolutionNode = FALSE
	EndGlobalSection
	GlobalSection(NestedProjects) = preSolution
		{55A6BF38-84DD-47BE-9766-310AD5E2B05D} = {82BD4759-500C-477A-A21E-2FBA5FCC5BAD}
		{CA9EF0E4-8689-4B78-81FB-D75202F58637} = {82BD4759-500C-477A-A21E-2FBA5FCC5BAD}
		{F183675B-ED8F-4ECD-AF9A-0FC8717B2DF0} = {82BD4759-500C-477A-A21E-2FBA5FCC5BAD}
	EndGlobalSection
	GlobalSection(ExtensibilityGlobals) = postSolution
		SolutionGuid = {CC19391C-A389-4E72-867D-6BFA782C9DF5}
	EndGlobalSection
EndGlobal
